// !$*UTF8*$!
{
	archiveVersion = 1;
	classes = {
	};
	objectVersion = 46;
	objects = {

/* Begin PBXBuildFile section */
		21C21E011C1911EB00E980FF /* main.m in Sources */ = {isa = PBXBuildFile; fileRef = 21C21E001C1911EB00E980FF /* main.m */; };
		21C21E041C1911EB00E980FF /* AppDelegate.m in Sources */ = {isa = PBXBuildFile; fileRef = 21C21E031C1911EB00E980FF /* AppDelegate.m */; };
		21C21E071C1911EB00E980FF /* ViewController.m in Sources */ = {isa = PBXBuildFile; fileRef = 21C21E061C1911EB00E980FF /* ViewController.m */; };
		21C21E0A1C1911EB00E980FF /* Main.storyboard in Resources */ = {isa = PBXBuildFile; fileRef = 21C21E081C1911EB00E980FF /* Main.storyboard */; };
		21C21E0C1C1911EB00E980FF /* Assets.xcassets in Resources */ = {isa = PBXBuildFile; fileRef = 21C21E0B1C1911EB00E980FF /* Assets.xcassets */; };
		21C21E0F1C1911EB00E980FF /* LaunchScreen.storyboard in Resources */ = {isa = PBXBuildFile; fileRef = 21C21E0D1C1911EB00E980FF /* LaunchScreen.storyboard */; };
		21C21E1A1C1911EB00E980FF /* UITests.m in Sources */ = {isa = PBXBuildFile; fileRef = 21C21E191C1911EB00E980FF /* UITests.m */; };
		21C21E251C1911EB00E980FF /* UIUITests.m in Sources */ = {isa = PBXBuildFile; fileRef = 21C21E241C1911EB00E980FF /* UIUITests.m */; };
		21C21E371C19122200E980FF /* BackgroundView.m in Sources */ = {isa = PBXBuildFile; fileRef = 21C21E341C19122200E980FF /* BackgroundView.m */; };
		21C21E381C19122200E980FF /* LoginViewController.m in Sources */ = {isa = PBXBuildFile; fileRef = 21C21E361C19122200E980FF /* LoginViewController.m */; };
		21C21E3A1C19122B00E980FF /* user-header.png in Resources */ = {isa = PBXBuildFile; fileRef = 21C21E391C19122B00E980FF /* user-header.png */; };
		21C21E3D1C1915D100E980FF /* MainViewController.m in Sources */ = {isa = PBXBuildFile; fileRef = 21C21E3C1C1915D100E980FF /* MainViewController.m */; };
		21C21E421C194B6700E980FF /* icon-arrow-up.png in Resources */ = {isa = PBXBuildFile; fileRef = 21C21E411C194B6700E980FF /* icon-arrow-up.png */; };
		21C21E451C196B0B00E980FF /* NJLayer.m in Sources */ = {isa = PBXBuildFile; fileRef = 21C21E441C196B0B00E980FF /* NJLayer.m */; };
/* End PBXBuildFile section */

/* Begin PBXContainerItemProxy section */
		21C21E161C1911EB00E980FF /* PBXContainerItemProxy */ = {
			isa = PBXContainerItemProxy;
			containerPortal = 21C21DF41C1911EB00E980FF /* Project object */;
			proxyType = 1;
			remoteGlobalIDString = 21C21DFB1C1911EB00E980FF;
			remoteInfo = UI;
		};
		21C21E211C1911EB00E980FF /* PBXContainerItemProxy */ = {
			isa = PBXContainerItemProxy;
			containerPortal = 21C21DF41C1911EB00E980FF /* Project object */;
			proxyType = 1;
			remoteGlobalIDString = 21C21DFB1C1911EB00E980FF;
			remoteInfo = UI;
		};
/* End PBXContainerItemProxy section */

/* Begin PBXFileReference section */
		21C21DFC1C1911EB00E980FF /* UI.app */ = {isa = PBXFileReference; explicitFileType = wrapper.application; includeInIndex = 0; path = UI.app; sourceTree = BUILT_PRODUCTS_DIR; };
		21C21E001C1911EB00E980FF /* main.m */ = {isa = PBXFileReference; lastKnownFileType = sourcecode.c.objc; path = main.m; sourceTree = "<group>"; };
		21C21E021C1911EB00E980FF /* AppDelegate.h */ = {isa = PBXFileReference; lastKnownFileType = sourcecode.c.h; path = AppDelegate.h; sourceTree = "<group>"; };
		21C21E031C1911EB00E980FF /* AppDelegate.m */ = {isa = PBXFileReference; lastKnownFileType = sourcecode.c.objc; path = AppDelegate.m; sourceTree = "<group>"; };
		21C21E051C1911EB00E980FF /* ViewController.h */ = {isa = PBXFileReference; lastKnownFileType = sourcecode.c.h; path = ViewController.h; sourceTree = "<group>"; };
		21C21E061C1911EB00E980FF /* ViewController.m */ = {isa = PBXFileReference; lastKnownFileType = sourcecode.c.objc; path = ViewController.m; sourceTree = "<group>"; };
		21C21E091C1911EB00E980FF /* Base */ = {isa = PBXFileReference; lastKnownFileType = file.storyboard; name = Base; path = Base.lproj/Main.storyboard; sourceTree = "<group>"; };
		21C21E0B1C1911EB00E980FF /* Assets.xcassets */ = {isa = PBXFileReference; lastKnownFileType = folder.assetcatalog; path = Assets.xcassets; sourceTree = "<group>"; };
		21C21E0E1C1911EB00E980FF /* Base */ = {isa = PBXFileReference; lastKnownFileType = file.storyboard; name = Base; path = Base.lproj/LaunchScreen.storyboard; sourceTree = "<group>"; };
		21C21E101C1911EB00E980FF /* Info.plist */ = {isa = PBXFileReference; lastKnownFileType = text.plist.xml; path = Info.plist; sourceTree = "<group>"; };
		21C21E151C1911EB00E980FF /* UITests.xctest */ = {isa = PBXFileReference; explicitFileType = wrapper.cfbundle; includeInIndex = 0; path = UITests.xctest; sourceTree = BUILT_PRODUCTS_DIR; };
		21C21E191C1911EB00E980FF /* UITests.m */ = {isa = PBXFileReference; lastKnownFileType = sourcecode.c.objc; path = UITests.m; sourceTree = "<group>"; };
		21C21E1B1C1911EB00E980FF /* Info.plist */ = {isa = PBXFileReference; lastKnownFileType = text.plist.xml; path = Info.plist; sourceTree = "<group>"; };
		21C21E201C1911EB00E980FF /* UIUITests.xctest */ = {isa = PBXFileReference; explicitFileType = wrapper.cfbundle; includeInIndex = 0; path = UIUITests.xctest; sourceTree = BUILT_PRODUCTS_DIR; };
		21C21E241C1911EB00E980FF /* UIUITests.m */ = {isa = PBXFileReference; lastKnownFileType = sourcecode.c.objc; path = UIUITests.m; sourceTree = "<group>"; };
		21C21E261C1911EB00E980FF /* Info.plist */ = {isa = PBXFileReference; lastKnownFileType = text.plist.xml; path = Info.plist; sourceTree = "<group>"; };
		21C21E331C19122200E980FF /* BackgroundView.h */ = {isa = PBXFileReference; fileEncoding = 4; lastKnownFileType = sourcecode.c.h; path = BackgroundView.h; sourceTree = "<group>"; };
		21C21E341C19122200E980FF /* BackgroundView.m */ = {isa = PBXFileReference; fileEncoding = 4; lastKnownFileType = sourcecode.c.objc; path = BackgroundView.m; sourceTree = "<group>"; };
		21C21E351C19122200E980FF /* LoginViewController.h */ = {isa = PBXFileReference; fileEncoding = 4; lastKnownFileType = sourcecode.c.h; path = LoginViewController.h; sourceTree = "<group>"; };
		21C21E361C19122200E980FF /* LoginViewController.m */ = {isa = PBXFileReference; fileEncoding = 4; lastKnownFileType = sourcecode.c.objc; path = LoginViewController.m; sourceTree = "<group>"; };
		21C21E391C19122B00E980FF /* user-header.png */ = {isa = PBXFileReference; lastKnownFileType = image.png; path = "user-header.png"; sourceTree = "<group>"; };
		21C21E3B1C1915D100E980FF /* MainViewController.h */ = {isa = PBXFileReference; fileEncoding = 4; lastKnownFileType = sourcecode.c.h; path = MainViewController.h; sourceTree = "<group>"; };
		21C21E3C1C1915D100E980FF /* MainViewController.m */ = {isa = PBXFileReference; fileEncoding = 4; lastKnownFileType = sourcecode.c.objc; path = MainViewController.m; sourceTree = "<group>"; };
		21C21E411C194B6700E980FF /* icon-arrow-up.png */ = {isa = PBXFileReference; lastKnownFileType = image.png; path = "icon-arrow-up.png"; sourceTree = "<group>"; };
		21C21E431C196B0B00E980FF /* NJLayer.h */ = {isa = PBXFileReference; fileEncoding = 4; lastKnownFileType = sourcecode.c.h; path = NJLayer.h; sourceTree = "<group>"; };
		21C21E441C196B0B00E980FF /* NJLayer.m */ = {isa = PBXFileReference; fileEncoding = 4; lastKnownFileType = sourcecode.c.objc; path = NJLayer.m; sourceTree = "<group>"; };
/* End PBXFileReference section */

/* Begin PBXFrameworksBuildPhase section */
		21C21DF91C1911EB00E980FF /* Frameworks */ = {
			isa = PBXFrameworksBuildPhase;
			buildActionMask = 2147483647;
			files = (
			);
			runOnlyForDeploymentPostprocessing = 0;
		};
		21C21E121C1911EB00E980FF /* Frameworks */ = {
			isa = PBXFrameworksBuildPhase;
			buildActionMask = 2147483647;
			files = (
			);
			runOnlyForDeploymentPostprocessing = 0;
		};
		21C21E1D1C1911EB00E980FF /* Frameworks */ = {
			isa = PBXFrameworksBuildPhase;
			buildActionMask = 2147483647;
			files = (
			);
			runOnlyForDeploymentPostprocessing = 0;
		};
/* End PBXFrameworksBuildPhase section */

/* Begin PBXGroup section */
		21C21DF31C1911EB00E980FF = {
			isa = PBXGroup;
			children = (
				21C21DFE1C1911EB00E980FF /* UI */,
				21C21E181C1911EB00E980FF /* UITests */,
				21C21E231C1911EB00E980FF /* UIUITests */,
				21C21DFD1C1911EB00E980FF /* Products */,
			);
			sourceTree = "<group>";
		};
		21C21DFD1C1911EB00E980FF /* Products */ = {
			isa = PBXGroup;
			children = (
				21C21DFC1C1911EB00E980FF /* UI.app */,
				21C21E151C1911EB00E980FF /* UITests.xctest */,
				21C21E201C1911EB00E980FF /* UIUITests.xctest */,
			);
			name = Products;
			sourceTree = "<group>";
		};
		21C21DFE1C1911EB00E980FF /* UI */ = {
			isa = PBXGroup;
			children = (
				21C21E431C196B0B00E980FF /* NJLayer.h */,
				21C21E441C196B0B00E980FF /* NJLayer.m */,
				21C21E3E1C1915DB00E980FF /* main */,
				21C21E321C19121800E980FF /* login */,
				21C21E021C1911EB00E980FF /* AppDelegate.h */,
				21C21E031C1911EB00E980FF /* AppDelegate.m */,
				21C21E051C1911EB00E980FF /* ViewController.h */,
				21C21E061C1911EB00E980FF /* ViewController.m */,
				21C21E081C1911EB00E980FF /* Main.storyboard */,
				21C21E0B1C1911EB00E980FF /* Assets.xcassets */,
				21C21E0D1C1911EB00E980FF /* LaunchScreen.storyboard */,
				21C21E101C1911EB00E980FF /* Info.plist */,
				21C21DFF1C1911EB00E980FF /* Supporting Files */,
			);
			path = UI;
			sourceTree = "<group>";
		};
		21C21DFF1C1911EB00E980FF /* Supporting Files */ = {
			isa = PBXGroup;
			children = (
				21C21E411C194B6700E980FF /* icon-arrow-up.png */,
				21C21E391C19122B00E980FF /* user-header.png */,
				21C21E001C1911EB00E980FF /* main.m */,
			);
			name = "Supporting Files";
			sourceTree = "<group>";
		};
		21C21E181C1911EB00E980FF /* UITests */ = {
			isa = PBXGroup;
			children = (
				21C21E191C1911EB00E980FF /* UITests.m */,
				21C21E1B1C1911EB00E980FF /* Info.plist */,
			);
			path = UITests;
			sourceTree = "<group>";
		};
		21C21E231C1911EB00E980FF /* UIUITests */ = {
			isa = PBXGroup;
			children = (
				21C21E241C1911EB00E980FF /* UIUITests.m */,
				21C21E261C1911EB00E980FF /* Info.plist */,
			);
			path = UIUITests;
			sourceTree = "<group>";
		};
		21C21E321C19121800E980FF /* login */ = {
			isa = PBXGroup;
			children = (
				21C21E331C19122200E980FF /* BackgroundView.h */,
				21C21E341C19122200E980FF /* BackgroundView.m */,
				21C21E351C19122200E980FF /* LoginViewController.h */,
				21C21E361C19122200E980FF /* LoginViewController.m */,
			);
			name = login;
			sourceTree = "<group>";
		};
		21C21E3E1C1915DB00E980FF /* main */ = {
			isa = PBXGroup;
			children = (
				21C21E3B1C1915D100E980FF /* MainViewController.h */,
				21C21E3C1C1915D100E980FF /* MainViewController.m */,
			);
			name = main;
			sourceTree = "<group>";
		};
/* End PBXGroup section */

/* Begin PBXNativeTarget section */
		21C21DFB1C1911EB00E980FF /* UI */ = {
			isa = PBXNativeTarget;
			buildConfigurationList = 21C21E291C1911EB00E980FF /* Build configuration list for PBXNativeTarget "UI" */;
			buildPhases = (
				21C21DF81C1911EB00E980FF /* Sources */,
				21C21DF91C1911EB00E980FF /* Frameworks */,
				21C21DFA1C1911EB00E980FF /* Resources */,
			);
			buildRules = (
			);
			dependencies = (
			);
			name = UI;
			productName = UI;
			productReference = 21C21DFC1C1911EB00E980FF /* UI.app */;
			productType = "com.apple.product-type.application";
		};
		21C21E141C1911EB00E980FF /* UITests */ = {
			isa = PBXNativeTarget;
			buildConfigurationList = 21C21E2C1C1911EB00E980FF /* Build configuration list for PBXNativeTarget "UITests" */;
			buildPhases = (
				21C21E111C1911EB00E980FF /* Sources */,
				21C21E121C1911EB00E980FF /* Frameworks */,
				21C21E131C1911EB00E980FF /* Resources */,
			);
			buildRules = (
			);
			dependencies = (
				21C21E171C1911EB00E980FF /* PBXTargetDependency */,
			);
			name = UITests;
			productName = UITests;
			productReference = 21C21E151C1911EB00E980FF /* UITests.xctest */;
			productType = "com.apple.product-type.bundle.unit-test";
		};
		21C21E1F1C1911EB00E980FF /* UIUITests */ = {
			isa = PBXNativeTarget;
			buildConfigurationList = 21C21E2F1C1911EB00E980FF /* Build configuration list for PBXNativeTarget "UIUITests" */;
			buildPhases = (
				21C21E1C1C1911EB00E980FF /* Sources */,
				21C21E1D1C1911EB00E980FF /* Frameworks */,
				21C21E1E1C1911EB00E980FF /* Resources */,
			);
			buildRules = (
			);
			dependencies = (
				21C21E221C1911EB00E980FF /* PBXTargetDependency */,
			);
			name = UIUITests;
			productName = UIUITests;
			productReference = 21C21E201C1911EB00E980FF /* UIUITests.xctest */;
			productType = "com.apple.product-type.bundle.ui-testing";
		};
/* End PBXNativeTarget section */

/* Begin PBXProject section */
		21C21DF41C1911EB00E980FF /* Project object */ = {
			isa = PBXProject;
			attributes = {
				LastUpgradeCheck = 0710;
				ORGANIZATIONNAME = "许赞";
				TargetAttributes = {
					21C21DFB1C1911EB00E980FF = {
						CreatedOnToolsVersion = 7.1;
						DevelopmentTeam = RNDXUJUB66;
					};
					21C21E141C1911EB00E980FF = {
						CreatedOnToolsVersion = 7.1;
						TestTargetID = 21C21DFB1C1911EB00E980FF;
					};
					21C21E1F1C1911EB00E980FF = {
						CreatedOnToolsVersion = 7.1;
						TestTargetID = 21C21DFB1C1911EB00E980FF;
					};
				};
			};
			buildConfigurationList = 21C21DF71C1911EB00E980FF /* Build configuration list for PBXProject "UI" */;
			compatibilityVersion = "Xcode 3.2";
			developmentRegion = English;
			hasScannedForEncodings = 0;
			knownRegions = (
				en,
				Base,
			);
			mainGroup = 21C21DF31C1911EB00E980FF;
			productRefGroup = 21C21DFD1C1911EB00E980FF /* Products */;
			projectDirPath = "";
			projectRoot = "";
			targets = (
				21C21DFB1C1911EB00E980FF /* UI */,
				21C21E141C1911EB00E980FF /* UITests */,
				21C21E1F1C1911EB00E980FF /* UIUITests */,
			);
		};
/* End PBXProject section */

/* Begin PBXResourcesBuildPhase section */
		21C21DFA1C1911EB00E980FF /* Resources */ = {
			isa = PBXResourcesBuildPhase;
			buildActionMask = 2147483647;
			files = (
				21C21E0F1C1911EB00E980FF /* LaunchScreen.storyboard in Resources */,
				21C21E0C1C1911EB00E980FF /* Assets.xcassets in Resources */,
				21C21E421C194B6700E980FF /* icon-arrow-up.png in Resources */,
				21C21E0A1C1911EB00E980FF /* Main.storyboard in Resources */,
				21C21E3A1C19122B00E980FF /* user-header.png in Resources */,
			);
			runOnlyForDeploymentPostprocessing = 0;
		};
		21C21E131C1911EB00E980FF /* Resources */ = {
			isa = PBXResourcesBuildPhase;
			buildActionMask = 2147483647;
			files = (
			);
			runOnlyForDeploymentPostprocessing = 0;
		};
		21C21E1E1C1911EB00E980FF /* Resources */ = {
			isa = PBXResourcesBuildPhase;
			buildActionMask = 2147483647;
			files = (
			);
			runOnlyForDeploymentPostprocessing = 0;
		};
/* End PBXResourcesBuildPhase section */

/* Begin PBXSourcesBuildPhase section */
		21C21DF81C1911EB00E980FF /* Sources */ = {
			isa = PBXSourcesBuildPhase;
			buildActionMask = 2147483647;
			files = (
				21C21E071C1911EB00E980FF /* ViewController.m in Sources */,
				21C21E3D1C1915D100E980FF /* MainViewController.m in Sources */,
				21C21E451C196B0B00E980FF /* NJLayer.m in Sources */,
				21C21E041C1911EB00E980FF /* AppDelegate.m in Sources */,
				21C21E371C19122200E980FF /* BackgroundView.m in Sources */,
				21C21E011C1911EB00E980FF /* main.m in Sources */,
				21C21E381C19122200E980FF /* LoginViewController.m in Sources */,
			);
			runOnlyForDeploymentPostprocessing = 0;
		};
		21C21E111C1911EB00E980FF /* Sources */ = {
			isa = PBXSourcesBuildPhase;
			buildActionMask = 2147483647;
			files = (
				21C21E1A1C1911EB00E980FF /* UITests.m in Sources */,
			);
			runOnlyForDeploymentPostprocessing = 0;
		};
		21C21E1C1C1911EB00E980FF /* Sources */ = {
			isa = PBXSourcesBuildPhase;
			buildActionMask = 2147483647;
			files = (
				21C21E251C1911EB00E980FF /* UIUITests.m in Sources */,
			);
			runOnlyForDeploymentPostprocessing = 0;
		};
/* End PBXSourcesBuildPhase section */

/* Begin PBXTargetDependency section */
		21C21E171C1911EB00E980FF /* PBXTargetDependency */ = {
			isa = PBXTargetDependency;
			target = 21C21DFB1C1911EB00E980FF /* UI */;
			targetProxy = 21C21E161C1911EB00E980FF /* PBXContainerItemProxy */;
		};
		21C21E221C1911EB00E980FF /* PBXTargetDependency */ = {
			isa = PBXTargetDependency;
			target = 21C21DFB1C1911EB00E980FF /* UI */;
			targetProxy = 21C21E211C1911EB00E980FF /* PBXContainerItemProxy */;
		};
/* End PBXTargetDependency section */

/* Begin PBXVariantGroup section */
		21C21E081C1911EB00E980FF /* Main.storyboard */ = {
			isa = PBXVariantGroup;
			children = (
				21C21E091C1911EB00E980FF /* Base */,
			);
			name = Main.storyboard;
			sourceTree = "<group>";
		};
		21C21E0D1C1911EB00E980FF /* LaunchScreen.storyboard */ = {
			isa = PBXVariantGroup;
			children = (
				21C21E0E1C1911EB00E980FF /* Base */,
			);
			name = LaunchScreen.storyboard;
			sourceTree = "<group>";
		};
/* End PBXVariantGroup section */

/* Begin XCBuildConfiguration section */
		21C21E271C1911EB00E980FF /* Debug */ = {
			isa = XCBuildConfiguration;
			buildSettings = {
				ALWAYS_SEARCH_USER_PATHS = NO;
				CLANG_CXX_LANGUAGE_STANDARD = "gnu++0x";
				CLANG_CXX_LIBRARY = "libc++";
				CLANG_ENABLE_MODULES = YES;
				CLANG_ENABLE_OBJC_ARC = YES;
				CLANG_WARN_BOOL_CONVERSION = YES;
				CLANG_WARN_CONSTANT_CONVERSION = YES;
				CLANG_WARN_DIRECT_OBJC_ISA_USAGE = YES_ERROR;
				CLANG_WARN_EMPTY_BODY = YES;
				CLANG_WARN_ENUM_CONVERSION = YES;
				CLANG_WARN_INT_CONVERSION = YES;
				CLANG_WARN_OBJC_ROOT_CLASS = YES_ERROR;
				CLANG_WARN_UNREACHABLE_CODE = YES;
				CLANG_WARN__DUPLICATE_METHOD_MATCH = YES;
				"CODE_SIGN_IDENTITY[sdk=iphoneos*]" = "iPhone Developer";
				COPY_PHASE_STRIP = NO;
				DEBUG_INFORMATION_FORMAT = dwarf;
				ENABLE_STRICT_OBJC_MSGSEND = YES;
				ENABLE_TESTABILITY = YES;
				GCC_C_LANGUAGE_STANDARD = gnu99;
				GCC_DYNAMIC_NO_PIC = NO;
				GCC_NO_COMMON_BLOCKS = YES;
				GCC_OPTIMIZATION_LEVEL = 0;
				GCC_PREPROCESSOR_DEFINITIONS = (
					"DEBUG=1",
					"$(inherited)",
				);
				GCC_WARN_64_TO_32_BIT_CONVERSION = YES;
				GCC_WARN_ABOUT_RETURN_TYPE = YES_ERROR;
				GCC_WARN_UNDECLARED_SELECTOR = YES;
				GCC_WARN_UNINITIALIZED_AUTOS = YES_AGGRESSIVE;
				GCC_WARN_UNUSED_FUNCTION = YES;
				GCC_WARN_UNUSED_VARIABLE = YES;
				IPHONEOS_DEPLOYMENT_TARGET = 9.1;
				MTL_ENABLE_DEBUG_INFO = YES;
				ONLY_ACTIVE_ARCH = YES;
				SDKROOT = iphoneos;
				TARGETED_DEVICE_FAMILY = "1,2";
			};
			name = Debug;
		};
		21C21E281C1911EB00E980FF /* Release */ = {
			isa = XCBuildConfiguration;
			buildSettings = {
				ALWAYS_SEARCH_USER_PATHS = NO;
				CLANG_CXX_LANGUAGE_STANDARD = "gnu++0x";
				CLANG_CXX_LIBRARY = "libc++";
				CLANG_ENABLE_MODULES = YES;
				CLANG_ENABLE_OBJC_ARC = YES;
				CLANG_WARN_BOOL_CONVERSION = YES;
				CLANG_WARN_CONSTANT_CONVERSION = YES;
				CLANG_WARN_DIRECT_OBJC_ISA_USAGE = YES_ERROR;
				CLANG_WARN_EMPTY_BODY = YES;
				CLANG_WARN_ENUM_CONVERSION = YES;
				CLANG_WARN_INT_CONVERSION = YES;
				CLANG_WARN_OBJC_ROOT_CLASS = YES_ERROR;
				CLANG_WARN_UNREACHABLE_CODE = YES;
				CLANG_WARN__DUPLICATE_METHOD_MATCH = YES;
				"CODE_SIGN_IDENTITY[sdk=iphoneos*]" = "iPhone Developer";
				COPY_PHASE_STRIP = NO;
				DEBUG_INFORMATION_FORMAT = "dwarf-with-dsym";
				ENABLE_NS_ASSERTIONS = NO;
				ENABLE_STRICT_OBJC_MSGSEND = YES;
				GCC_C_LANGUAGE_STANDARD = gnu99;
				GCC_NO_COMMON_BLOCKS = YES;
				GCC_WARN_64_TO_32_BIT_CONVERSION = YES;
				GCC_WARN_ABOUT_RETURN_TYPE = YES_ERROR;
				GCC_WARN_UNDECLARED_SELECTOR = YES;
				GCC_WARN_UNINITIALIZED_AUTOS = YES_AGGRESSIVE;
				GCC_WARN_UNUSED_FUNCTION = YES;
				GCC_WARN_UNUSED_VARIABLE = YES;
				IPHONEOS_DEPLOYMENT_TARGET = 9.1;
				MTL_ENABLE_DEBUG_INFO = NO;
				SDKROOT = iphoneos;
				TARGETED_DEVICE_FAMILY = "1,2";
				VALIDATE_PRODUCT = YES;
			};
			name = Release;
		};
		21C21E2A1C1911EB00E980FF /* Debug */ = {
			isa = XCBuildConfiguration;
			buildSettings = {
				ASSETCATALOG_COMPILER_APPICON_NAME = AppIcon;
				CODE_SIGN_IDENTITY = "iPhone Developer";
				INFOPLIST_FILE = UI/Info.plist;
				IPHONEOS_DEPLOYMENT_TARGET = 8.0;
				LD_RUNPATH_SEARCH_PATHS = "$(inherited) @executable_path/Frameworks";
				PRODUCT_BUNDLE_IDENTIFIER = yoya.UI;
				PRODUCT_NAME = "$(TARGET_NAME)";
			};
			name = Debug;
		};
		21C21E2B1C1911EB00E980FF /* Release */ = {
			isa = XCBuildConfiguration;
			buildSettings = {
				ASSETCATALOG_COMPILER_APPICON_NAME = AppIcon;
				CODE_SIGN_IDENTITY = "iPhone Developer";
				INFOPLIST_FILE = UI/Info.plist;
				IPHONEOS_DEPLOYMENT_TARGET = 8.0;
				LD_RUNPATH_SEARCH_PATHS = "$(inherited) @executable_path/Frameworks";
				PRODUCT_BUNDLE_IDENTIFIER = yoya.UI;
				PRODUCT_NAME = "$(TARGET_NAME)";
			};
			name = Release;
		};
		21C21E2D1C1911EB00E980FF /* Debug */ = {
			isa = XCBuildConfiguration;
			buildSettings = {
				BUNDLE_LOADER = "$(TEST_HOST)";
				INFOPLIST_FILE = UITests/Info.plist;
				LD_RUNPATH_SEARCH_PATHS = "$(inherited) @executable_path/Frameworks @loader_path/Frameworks";
				PRODUCT_BUNDLE_IDENTIFIER = yoya.UITests;
				PRODUCT_NAME = "$(TARGET_NAME)";
				TEST_HOST = "$(BUILT_PRODUCTS_DIR)/UI.app/UI";
			};
			name = Debug;
		};
		21C21E2E1C1911EB00E980FF /* Release */ = {
			isa = XCBuildConfiguration;
			buildSettings = {
				BUNDLE_LOADER = "$(TEST_HOST)";
				INFOPLIST_FILE = UITests/Info.plist;
				LD_RUNPATH_SEARCH_PATHS = "$(inherited) @executable_path/Frameworks @loader_path/Frameworks";
				PRODUCT_BUNDLE_IDENTIFIER = yoya.UITests;
				PRODUCT_NAME = "$(TARGET_NAME)";
				TEST_HOST = "$(BUILT_PRODUCTS_DIR)/UI.app/UI";
			};
			name = Release;
		};
		21C21E301C1911EB00E980FF /* Debug */ = {
			isa = XCBuildConfiguration;
			buildSettings = {
				INFOPLIST_FILE = UIUITests/Info.plist;
				LD_RUNPATH_SEARCH_PATHS = "$(inherited) @executable_path/Frameworks @loader_path/Frameworks";
				PRODUCT_BUNDLE_IDENTIFIER = yoya.UIUITests;
				PRODUCT_NAME = "$(TARGET_NAME)";
				TEST_TARGET_NAME = UI;
				USES_XCTRUNNER = YES;
			};
			name = Debug;
		};
		21C21E311C1911EB00E980FF /* Release */ = {
			isa = XCBuildConfiguration;
			buildSettings = {
				INFOPLIST_FILE = UIUITests/Info.plist;
				LD_RUNPATH_SEARCH_PATHS = "$(inherited) @executable_path/Frameworks @loader_path/Frameworks";
				PRODUCT_BUNDLE_IDENTIFIER = yoya.UIUITests;
				PRODUCT_NAME = "$(TARGET_NAME)";
				TEST_TARGET_NAME = UI;
				USES_XCTRUNNER = YES;
			};
			name = Release;
		};
/* End XCBuildConfiguration section */

/* Begin XCConfigurationList section */
		21C21DF71C1911EB00E980FF /* Build configuration list for PBXProject "UI" */ = {
			isa = XCConfigurationList;
			buildConfigurations = (
				21C21E271C1911EB00E980FF /* Debug */,
				21C21E281C1911EB00E980FF /* Release */,
			);
			defaultConfigurationIsVisible = 0;
			defaultConfigurationName = Release;
		};
		21C21E291C1911EB00E980FF /* Build configuration list for PBXNativeTarget "UI" */ = {
			isa = XCConfigurationList;
			buildConfigurations = (
				21C21E2A1C1911EB00E980FF /* Debug */,
				21C21E2B1C1911EB00E980FF /* Release */,
			);
			defaultConfigurationIsVisible = 0;
			defaultConfigurationName = Release;
		};
		21C21E2C1C1911EB00E980FF /* Build configuration list for PBXNativeTarget "UITests" */ = {
			isa = XCConfigurationList;
			buildConfigurations = (
				21C21E2D1C1911EB00E980FF /* Debug */,
				21C21E2E1C1911EB00E980FF /* Release */,
			);
			defaultConfigurationIsVisible = 0;
			defaultConfigurationName = Release;
		};
		21C21E2F1C1911EB00E980FF /* Build configuration list for PBXNativeTarget "UIUITests" */ = {
			isa = XCConfigurationList;
			buildConfigurations = (
				21C21E301C1911EB00E980FF /* Debug */,
				21C21E311C1911EB00E980FF /* Release */,
			);
			defaultConfigurationIsVisible = 0;
			defaultConfigurationName = Release;
		};
/* End XCConfigurationList section */
	};
	rootObject = 21C21DF41C1911EB00E980FF /* Project object */;
}
